
Microsoft Visual Studio Solution File, Format Version 12.00
# Visual Studio Version 17
VisualStudioVersion = 17.10.34928.147
MinimumVisualStudioVersion = 10.0.40219.1
Project("{9A19103F-16F7-4668-BE54-9A1E7A4F7556}") = "DATSCompanionApp", "winforms\DATSCompanionApp.csproj", "{D36613DA-CF18-4AF0-A4EC-CA91E3094911}"
EndProject
Project("{2150E333-8FDC-42A3-9474-1A3956D46DE8}") = "Solution Items", "Solution Items", "{64E7FCA7-189B-4E76-B232-CB21087E09C6}"
	ProjectSection(SolutionItems) = preProject
		protocol-registration.reg = protocol-registration.reg
	EndProjectSection
EndProject
Project("{FAE04EC0-301F-11D3-BF4B-00C04F79EFBC}") = "DATSCompanionService", "winservice\DATSCompanionService.csproj", "{68C8DC60-58CD-42A1-81C5-9296970E40D3}"
EndProject
Project("{9A19103F-16F7-4668-BE54-9A1E7A4F7556}") = "DATSCompanion.Shared", "shared\DATSCompanion.Shared\DATSCompanion.Shared.csproj", "{E1A13ECC-FA8E-4BA1-953E-D8924F98A25D}"
EndProject
Project("{FAE04EC0-301F-11D3-BF4B-00C04F79EFBC}") = "TestApplication", "TestApplication\TestApplication.csproj", "{B4718C93-319C-4636-A408-C334E3CAF3B2}"
EndProject
Global
	GlobalSection(SolutionConfigurationPlatforms) = preSolution
		Debug|Any CPU = Debug|Any CPU
		Release|Any CPU = Release|Any CPU
	EndGlobalSection
	GlobalSection(ProjectConfigurationPlatforms) = postSolution
		{D36613DA-CF18-4AF0-A4EC-CA91E3094911}.Debug|Any CPU.ActiveCfg = Debug|Any CPU
		{D36613DA-CF18-4AF0-A4EC-CA91E3094911}.Debug|Any CPU.Build.0 = Debug|Any CPU
		{D36613DA-CF18-4AF0-A4EC-CA91E3094911}.Release|Any CPU.ActiveCfg = Release|Any CPU
		{D36613DA-CF18-4AF0-A4EC-CA91E3094911}.Release|Any CPU.Build.0 = Release|Any CPU
		{68C8DC60-58CD-42A1-81C5-9296970E40D3}.Debug|Any CPU.ActiveCfg = Debug|Any CPU
		{68C8DC60-58CD-42A1-81C5-9296970E40D3}.Debug|Any CPU.Build.0 = Debug|Any CPU
		{68C8DC60-58CD-42A1-81C5-9296970E40D3}.Release|Any CPU.ActiveCfg = Release|Any CPU
		{68C8DC60-58CD-42A1-81C5-9296970E40D3}.Release|Any CPU.Build.0 = Release|Any CPU
		{E1A13ECC-FA8E-4BA1-953E-D8924F98A25D}.Debug|Any CPU.ActiveCfg = Debug|Any CPU
		{E1A13ECC-FA8E-4BA1-953E-D8924F98A25D}.Debug|Any CPU.Build.0 = Debug|Any CPU
		{E1A13ECC-FA8E-4BA1-953E-D8924F98A25D}.Release|Any CPU.ActiveCfg = Release|Any CPU
		{E1A13ECC-FA8E-4BA1-953E-D8924F98A25D}.Release|Any CPU.Build.0 = Release|Any CPU
		{B4718C93-319C-4636-A408-C334E3CAF3B2}.Debug|Any CPU.ActiveCfg = Debug|Any CPU
		{B4718C93-319C-4636-A408-C334E3CAF3B2}.Debug|Any CPU.Build.0 = Debug|Any CPU
		{B4718C93-319C-4636-A408-C334E3CAF3B2}.Release|Any CPU.ActiveCfg = Release|Any CPU
		{B4718C93-319C-4636-A408-C334E3CAF3B2}.Release|Any CPU.Build.0 = Release|Any CPU
	EndGlobalSection
	GlobalSection(SolutionProperties) = preSolution
		HideSolutionNode = FALSE
	EndGlobalSection
	GlobalSection(ExtensibilityGlobals) = postSolution
		SolutionGuid = {BF084F5A-5CF3-403F-9BF9-A1CBAA96C46D}
	EndGlobalSection
EndGlobal
